# THIS IS AN AUTOGENERATED FILE. DO NOT EDIT THIS FILE DIRECTLY.
# yarn lockfile v1


csv-generate@^2.0.2:
  version "2.2.2"
  resolved "https://registry.yarnpkg.com/csv-generate/-/csv-generate-2.2.2.tgz#c37808c5f3ead2deec940794073dd32d492adfd1"
  integrity sha512-ETG8JGG0xOt2f1JzxrAcQONVc4+7srUdXeyLnow60ntBr+qiNCFTqi+ME6g0vZ4hMCbrwNrDPJPOYVznAeDDHQ==

csv-parse@^2.4.0:
  version "2.5.0"
  resolved "https://registry.yarnpkg.com/csv-parse/-/csv-parse-2.5.0.tgz#65748997ecc3719c594622db1b9ea0e2eb7d56bb"
  integrity sha512-4OcjOJQByI0YDU5COYw9HAqjo8/MOLLmT9EKyMCXUzgvh30vS1SlMK+Ho84IH5exN44cSnrYecw/7Zpu2m4lkA==

csv-stringify@^3.0.0:
  version "3.1.1"
  resolved "https://registry.yarnpkg.com/csv-stringify/-/csv-stringify-3.1.1.tgz#3a4e180a84f9c45a6a0a0401c1b41b315b9131f0"
  integrity sha512-Ni9r/BdQM2cGnWzwAP09zp12LVOAMHLJ86azNHGC7s4OUo2WidGfcM3QwYEjD8c4ELCL/a4AzfIsVCzroeys+g==
  dependencies:
    lodash.get "~4.4.2"

csv@^3.1.0:
  version "3.1.0"
  resolved "https://registry.yarnpkg.com/csv/-/csv-3.1.0.tgz#91ad8625e294bf37a5b366b84d01aa40b2d20f15"
  integrity sha512-SfnePMkhjljB7ehvubZESGjgrnM7V/gBe5ubZWKxeKwgmTl/HtVCdfSaGRgH/i/vG7qJaSLMpP0krNbAuunRBg==
  dependencies:
    csv-generate "^2.0.2"
    csv-parse "^2.4.0"
    csv-stringify "^3.0.0"
    stream-transform "^1.0.2"

jquery@^3.3.1:
  version "3.3.1"
  resolved "https://registry.yarnpkg.com/jquery/-/jquery-3.3.1.tgz#958ce29e81c9790f31be7792df5d4d95fc57fbca"
  integrity sha512-Ubldcmxp5np52/ENotGxlLe6aGMvmF4R8S6tZjsP6Knsaxd/xp3Zrh50cG93lR6nPXyUFwzN3ZSOQI0wRJNdGg==

lodash.get@~4.4.2:
  version "4.4.2"
  resolved "https://registry.yarnpkg.com/lodash.get/-/lodash.get-4.4.2.tgz#2d177f652fa31e939b4438d5341499dfa3825e99"
  integrity sha1-LRd/ZS+jHpObRDjVNBSZ36OCXpk=

stream-transform@^1.0.2:
  version "1.0.7"
  resolved "https://registry.yarnpkg.com/stream-transform/-/stream-transform-1.0.7.tgz#5135dd6c29941a1179212da6083be2cacdebc15a"
  integrity sha512-bp27sM5lf75yOZAM0HfKgN7jub2FApKmXUVYnN/zuw4raqtinM3muxzd+ny262opnKvAg5PnMO66N4Eq928ayw==
